// !$*UTF8*$!
{
	archiveVersion = 1;
	classes = {
	};
	objectVersion = 56;
	objects = {

/* Begin PBXBuildFile section */
		7078652C2C4CD7B80039F8F0 /* TodoEditViewModel.swift in Sources */ = {isa = PBXBuildFile; fileRef = 7078652B2C4CD7B80039F8F0 /* TodoEditViewModel.swift */; };
		7078652E2C4CD7CB0039F8F0 /* TodoEditView.swift in Sources */ = {isa = PBXBuildFile; fileRef = 7078652D2C4CD7CB0039F8F0 /* TodoEditView.swift */; };
		708DBA6F2C4805B2006C077E /* SimpleTodoApp.swift in Sources */ = {isa = PBXBuildFile; fileRef = 708DBA6E2C4805B2006C077E /* SimpleTodoApp.swift */; };
		708DBA752C4805B4006C077E /* Assets.xcassets in Resources */ = {isa = PBXBuildFile; fileRef = 708DBA742C4805B4006C077E /* Assets.xcassets */; };
		708DBA782C4805B4006C077E /* Preview Assets.xcassets in Resources */ = {isa = PBXBuildFile; fileRef = 708DBA772C4805B4006C077E /* Preview Assets.xcassets */; };
		708DBA822C4805B4006C077E /* SimpleTodoTests.swift in Sources */ = {isa = PBXBuildFile; fileRef = 708DBA812C4805B4006C077E /* SimpleTodoTests.swift */; };
		708DBA8C2C4805B4006C077E /* SimpleTodoUITests.swift in Sources */ = {isa = PBXBuildFile; fileRef = 708DBA8B2C4805B4006C077E /* SimpleTodoUITests.swift */; };
		708DBA8E2C4805B4006C077E /* SimpleTodoUITestsLaunchTests.swift in Sources */ = {isa = PBXBuildFile; fileRef = 708DBA8D2C4805B4006C077E /* SimpleTodoUITestsLaunchTests.swift */; };
		708DBAA12C496224006C077E /* Todo.swift in Sources */ = {isa = PBXBuildFile; fileRef = 708DBAA02C496224006C077E /* Todo.swift */; };
		708DBAA42C4962C3006C077E /* SwiftDataTodo.swift in Sources */ = {isa = PBXBuildFile; fileRef = 708DBAA32C4962C3006C077E /* SwiftDataTodo.swift */; };
		708DBAA62C496329006C077E /* TodoRepository.swift in Sources */ = {isa = PBXBuildFile; fileRef = 708DBAA52C496329006C077E /* TodoRepository.swift */; };
		708DBAAA2C496386006C077E /* SwiftDataTodoRepository.swift in Sources */ = {isa = PBXBuildFile; fileRef = 708DBAA92C496386006C077E /* SwiftDataTodoRepository.swift */; };
		708DBAAC2C4966A0006C077E /* PersistenceController.swift in Sources */ = {isa = PBXBuildFile; fileRef = 708DBAAB2C4966A0006C077E /* PersistenceController.swift */; };
		708DBAAE2C49683C006C077E /* TodoListViewModel.swift in Sources */ = {isa = PBXBuildFile; fileRef = 708DBAAD2C49683C006C077E /* TodoListViewModel.swift */; };
		708DBAB02C496933006C077E /* TodoListView.swift in Sources */ = {isa = PBXBuildFile; fileRef = 708DBAAF2C496933006C077E /* TodoListView.swift */; };
/* End PBXBuildFile section */

/* Begin PBXContainerItemProxy section */
		708DBA7E2C4805B4006C077E /* PBXContainerItemProxy */ = {
			isa = PBXContainerItemProxy;
			containerPortal = 708DBA632C4805B2006C077E /* Project object */;
			proxyType = 1;
			remoteGlobalIDString = 708DBA6A2C4805B2006C077E;
			remoteInfo = SimpleTodo;
		};
		708DBA882C4805B4006C077E /* PBXContainerItemProxy */ = {
			isa = PBXContainerItemProxy;
			containerPortal = 708DBA632C4805B2006C077E /* Project object */;
			proxyType = 1;
			remoteGlobalIDString = 708DBA6A2C4805B2006C077E;
			remoteInfo = SimpleTodo;
		};
/* End PBXContainerItemProxy section */

/* Begin PBXFileReference section */
		7078652B2C4CD7B80039F8F0 /* TodoEditViewModel.swift */ = {isa = PBXFileReference; lastKnownFileType = sourcecode.swift; path = TodoEditViewModel.swift; sourceTree = "<group>"; };
		7078652D2C4CD7CB0039F8F0 /* TodoEditView.swift */ = {isa = PBXFileReference; lastKnownFileType = sourcecode.swift; path = TodoEditView.swift; sourceTree = "<group>"; };
		708DBA6B2C4805B2006C077E /* SimpleTodo.app */ = {isa = PBXFileReference; explicitFileType = wrapper.application; includeInIndex = 0; path = SimpleTodo.app; sourceTree = BUILT_PRODUCTS_DIR; };
		708DBA6E2C4805B2006C077E /* SimpleTodoApp.swift */ = {isa = PBXFileReference; lastKnownFileType = sourcecode.swift; path = SimpleTodoApp.swift; sourceTree = "<group>"; };
		708DBA742C4805B4006C077E /* Assets.xcassets */ = {isa = PBXFileReference; lastKnownFileType = folder.assetcatalog; path = Assets.xcassets; sourceTree = "<group>"; };
		708DBA772C4805B4006C077E /* Preview Assets.xcassets */ = {isa = PBXFileReference; lastKnownFileType = folder.assetcatalog; path = "Preview Assets.xcassets"; sourceTree = "<group>"; };
		708DBA7D2C4805B4006C077E /* SimpleTodoTests.xctest */ = {isa = PBXFileReference; explicitFileType = wrapper.cfbundle; includeInIndex = 0; path = SimpleTodoTests.xctest; sourceTree = BUILT_PRODUCTS_DIR; };
		708DBA812C4805B4006C077E /* SimpleTodoTests.swift */ = {isa = PBXFileReference; lastKnownFileType = sourcecode.swift; path = SimpleTodoTests.swift; sourceTree = "<group>"; };
		708DBA872C4805B4006C077E /* SimpleTodoUITests.xctest */ = {isa = PBXFileReference; explicitFileType = wrapper.cfbundle; includeInIndex = 0; path = SimpleTodoUITests.xctest; sourceTree = BUILT_PRODUCTS_DIR; };
		708DBA8B2C4805B4006C077E /* SimpleTodoUITests.swift */ = {isa = PBXFileReference; lastKnownFileType = sourcecode.swift; path = SimpleTodoUITests.swift; sourceTree = "<group>"; };
		708DBA8D2C4805B4006C077E /* SimpleTodoUITestsLaunchTests.swift */ = {isa = PBXFileReference; lastKnownFileType = sourcecode.swift; path = SimpleTodoUITestsLaunchTests.swift; sourceTree = "<group>"; };
		708DBAA02C496224006C077E /* Todo.swift */ = {isa = PBXFileReference; lastKnownFileType = sourcecode.swift; path = Todo.swift; sourceTree = "<group>"; };
		708DBAA32C4962C3006C077E /* SwiftDataTodo.swift */ = {isa = PBXFileReference; lastKnownFileType = sourcecode.swift; path = SwiftDataTodo.swift; sourceTree = "<group>"; };
		708DBAA52C496329006C077E /* TodoRepository.swift */ = {isa = PBXFileReference; lastKnownFileType = sourcecode.swift; path = TodoRepository.swift; sourceTree = "<group>"; };
		708DBAA92C496386006C077E /* SwiftDataTodoRepository.swift */ = {isa = PBXFileReference; lastKnownFileType = sourcecode.swift; path = SwiftDataTodoRepository.swift; sourceTree = "<group>"; };
		708DBAAB2C4966A0006C077E /* PersistenceController.swift */ = {isa = PBXFileReference; lastKnownFileType = sourcecode.swift; path = PersistenceController.swift; sourceTree = "<group>"; };
		708DBAAD2C49683C006C077E /* TodoListViewModel.swift */ = {isa = PBXFileReference; lastKnownFileType = sourcecode.swift; path = TodoListViewModel.swift; sourceTree = "<group>"; };
		708DBAAF2C496933006C077E /* TodoListView.swift */ = {isa = PBXFileReference; lastKnownFileType = sourcecode.swift; path = TodoListView.swift; sourceTree = "<group>"; };
/* End PBXFileReference section */

/* Begin PBXFrameworksBuildPhase section */
		708DBA682C4805B2006C077E /* Frameworks */ = {
			isa = PBXFrameworksBuildPhase;
			buildActionMask = 2147483647;
			files = (
			);
			runOnlyForDeploymentPostprocessing = 0;
		};
		708DBA7A2C4805B4006C077E /* Frameworks */ = {
			isa = PBXFrameworksBuildPhase;
			buildActionMask = 2147483647;
			files = (
			);
			runOnlyForDeploymentPostprocessing = 0;
		};
		708DBA842C4805B4006C077E /* Frameworks */ = {
			isa = PBXFrameworksBuildPhase;
			buildActionMask = 2147483647;
			files = (
			);
			runOnlyForDeploymentPostprocessing = 0;
		};
/* End PBXFrameworksBuildPhase section */

/* Begin PBXGroup section */
		708DBA622C4805B2006C077E = {
			isa = PBXGroup;
			children = (
				708DBA6D2C4805B2006C077E /* SimpleTodo */,
				708DBA802C4805B4006C077E /* SimpleTodoTests */,
				708DBA8A2C4805B4006C077E /* SimpleTodoUITests */,
				708DBA6C2C4805B2006C077E /* Products */,
			);
			sourceTree = "<group>";
		};
		708DBA6C2C4805B2006C077E /* Products */ = {
			isa = PBXGroup;
			children = (
				708DBA6B2C4805B2006C077E /* SimpleTodo.app */,
				708DBA7D2C4805B4006C077E /* SimpleTodoTests.xctest */,
				708DBA872C4805B4006C077E /* SimpleTodoUITests.xctest */,
			);
			name = Products;
			sourceTree = "<group>";
		};
		708DBA6D2C4805B2006C077E /* SimpleTodo */ = {
			isa = PBXGroup;
			children = (
				708DBA9D2C4961EB006C077E /* Application */,
				708DBA9C2C4961E1006C077E /* Presentation */,
				708DBA9B2C4961D3006C077E /* Infrastructure */,
				708DBA9A2C4961BB006C077E /* Domain */,
				708DBA6E2C4805B2006C077E /* SimpleTodoApp.swift */,
				708DBA742C4805B4006C077E /* Assets.xcassets */,
				708DBA762C4805B4006C077E /* Preview Content */,
			);
			path = SimpleTodo;
			sourceTree = "<group>";
		};
		708DBA762C4805B4006C077E /* Preview Content */ = {
			isa = PBXGroup;
			children = (
				708DBA772C4805B4006C077E /* Preview Assets.xcassets */,
			);
			path = "Preview Content";
			sourceTree = "<group>";
		};
		708DBA802C4805B4006C077E /* SimpleTodoTests */ = {
			isa = PBXGroup;
			children = (
				708DBA812C4805B4006C077E /* SimpleTodoTests.swift */,
			);
			path = SimpleTodoTests;
			sourceTree = "<group>";
		};
		708DBA8A2C4805B4006C077E /* SimpleTodoUITests */ = {
			isa = PBXGroup;
			children = (
				708DBA8B2C4805B4006C077E /* SimpleTodoUITests.swift */,
				708DBA8D2C4805B4006C077E /* SimpleTodoUITestsLaunchTests.swift */,
			);
			path = SimpleTodoUITests;
			sourceTree = "<group>";
		};
		708DBA9A2C4961BB006C077E /* Domain */ = {
			isa = PBXGroup;
			children = (
				708DBA9F2C496201006C077E /* Repository */,
				708DBA9E2C4961F7006C077E /* Entity */,
			);
			path = Domain;
			sourceTree = "<group>";
		};
		708DBA9B2C4961D3006C077E /* Infrastructure */ = {
			isa = PBXGroup;
			children = (
				708DBAA72C49633F006C077E /* SwiftData */,
			);
			path = Infrastructure;
			sourceTree = "<group>";
		};
		708DBA9C2C4961E1006C077E /* Presentation */ = {
			isa = PBXGroup;
			children = (
				708DBAAF2C496933006C077E /* TodoListView.swift */,
				7078652D2C4CD7CB0039F8F0 /* TodoEditView.swift */,
			);
			path = Presentation;
			sourceTree = "<group>";
		};
		708DBA9D2C4961EB006C077E /* Application */ = {
			isa = PBXGroup;
			children = (
				708DBAAD2C49683C006C077E /* TodoListViewModel.swift */,
				7078652B2C4CD7B80039F8F0 /* TodoEditViewModel.swift */,
			);
			path = Application;
			sourceTree = "<group>";
		};
		708DBA9E2C4961F7006C077E /* Entity */ = {
			isa = PBXGroup;
			children = (
				708DBAA02C496224006C077E /* Todo.swift */,
			);
			path = Entity;
			sourceTree = "<group>";
		};
		708DBA9F2C496201006C077E /* Repository */ = {
			isa = PBXGroup;
			children = (
				708DBAA52C496329006C077E /* TodoRepository.swift */,
			);
			path = Repository;
			sourceTree = "<group>";
		};
		708DBAA22C496285006C077E /* Entity */ = {
			isa = PBXGroup;
			children = (
				708DBAA32C4962C3006C077E /* SwiftDataTodo.swift */,
			);
			path = Entity;
			sourceTree = "<group>";
		};
		708DBAA72C49633F006C077E /* SwiftData */ = {
			isa = PBXGroup;
			children = (
				708DBAA82C49635B006C077E /* Repository */,
				708DBAA22C496285006C077E /* Entity */,
				708DBAAB2C4966A0006C077E /* PersistenceController.swift */,
			);
			path = SwiftData;
			sourceTree = "<group>";
		};
		708DBAA82C49635B006C077E /* Repository */ = {
			isa = PBXGroup;
			children = (
				708DBAA92C496386006C077E /* SwiftDataTodoRepository.swift */,
			);
			path = Repository;
			sourceTree = "<group>";
		};
/* End PBXGroup section */

/* Begin PBXNativeTarget section */
		708DBA6A2C4805B2006C077E /* SimpleTodo */ = {
			isa = PBXNativeTarget;
			buildConfigurationList = 708DBA912C4805B4006C077E /* Build configuration list for PBXNativeTarget "SimpleTodo" */;
			buildPhases = (
				708DBA672C4805B2006C077E /* Sources */,
				708DBA682C4805B2006C077E /* Frameworks */,
				708DBA692C4805B2006C077E /* Resources */,
			);
			buildRules = (
			);
			dependencies = (
			);
			name = SimpleTodo;
			productName = SimpleTodo;
			productReference = 708DBA6B2C4805B2006C077E /* SimpleTodo.app */;
			productType = "com.apple.product-type.application";
		};
		708DBA7C2C4805B4006C077E /* SimpleTodoTests */ = {
			isa = PBXNativeTarget;
			buildConfigurationList = 708DBA942C4805B4006C077E /* Build configuration list for PBXNativeTarget "SimpleTodoTests" */;
			buildPhases = (
				708DBA792C4805B4006C077E /* Sources */,
				708DBA7A2C4805B4006C077E /* Frameworks */,
				708DBA7B2C4805B4006C077E /* Resources */,
			);
			buildRules = (
			);
			dependencies = (
				708DBA7F2C4805B4006C077E /* PBXTargetDependency */,
			);
			name = SimpleTodoTests;
			productName = SimpleTodoTests;
			productReference = 708DBA7D2C4805B4006C077E /* SimpleTodoTests.xctest */;
			productType = "com.apple.product-type.bundle.unit-test";
		};
		708DBA862C4805B4006C077E /* SimpleTodoUITests */ = {
			isa = PBXNativeTarget;
			buildConfigurationList = 708DBA972C4805B4006C077E /* Build configuration list for PBXNativeTarget "SimpleTodoUITests" */;
			buildPhases = (
				708DBA832C4805B4006C077E /* Sources */,
				708DBA842C4805B4006C077E /* Frameworks */,
				708DBA852C4805B4006C077E /* Resources */,
			);
			buildRules = (
			);
			dependencies = (
				708DBA892C4805B4006C077E /* PBXTargetDependency */,
			);
			name = SimpleTodoUITests;
			productName = SimpleTodoUITests;
			productReference = 708DBA872C4805B4006C077E /* SimpleTodoUITests.xctest */;
			productType = "com.apple.product-type.bundle.ui-testing";
		};
/* End PBXNativeTarget section */

/* Begin PBXProject section */
		708DBA632C4805B2006C077E /* Project object */ = {
			isa = PBXProject;
			attributes = {
				BuildIndependentTargetsInParallel = 1;
				LastSwiftUpdateCheck = 1540;
				LastUpgradeCheck = 1540;
				TargetAttributes = {
					708DBA6A2C4805B2006C077E = {
						CreatedOnToolsVersion = 15.4;
					};
					708DBA7C2C4805B4006C077E = {
						CreatedOnToolsVersion = 15.4;
						TestTargetID = 708DBA6A2C4805B2006C077E;
					};
					708DBA862C4805B4006C077E = {
						CreatedOnToolsVersion = 15.4;
						TestTargetID = 708DBA6A2C4805B2006C077E;
					};
				};
			};
			buildConfigurationList = 708DBA662C4805B2006C077E /* Build configuration list for PBXProject "SimpleTodo" */;
			compatibilityVersion = "Xcode 14.0";
			developmentRegion = en;
			hasScannedForEncodings = 0;
			knownRegions = (
				en,
				Base,
			);
			mainGroup = 708DBA622C4805B2006C077E;
			productRefGroup = 708DBA6C2C4805B2006C077E /* Products */;
			projectDirPath = "";
			projectRoot = "";
			targets = (
				708DBA6A2C4805B2006C077E /* SimpleTodo */,
				708DBA7C2C4805B4006C077E /* SimpleTodoTests */,
				708DBA862C4805B4006C077E /* SimpleTodoUITests */,
			);
		};
/* End PBXProject section */

/* Begin PBXResourcesBuildPhase section */
		708DBA692C4805B2006C077E /* Resources */ = {
			isa = PBXResourcesBuildPhase;
			buildActionMask = 2147483647;
			files = (
				708DBA782C4805B4006C077E /* Preview Assets.xcassets in Resources */,
				708DBA752C4805B4006C077E /* Assets.xcassets in Resources */,
			);
			runOnlyForDeploymentPostprocessing = 0;
		};
		708DBA7B2C4805B4006C077E /* Resources */ = {
			isa = PBXResourcesBuildPhase;
			buildActionMask = 2147483647;
			files = (
			);
			runOnlyForDeploymentPostprocessing = 0;
		};
		708DBA852C4805B4006C077E /* Resources */ = {
			isa = PBXResourcesBuildPhase;
			buildActionMask = 2147483647;
			files = (
			);
			runOnlyForDeploymentPostprocessing = 0;
		};
/* End PBXResourcesBuildPhase section */

/* Begin PBXSourcesBuildPhase section */
		708DBA672C4805B2006C077E /* Sources */ = {
			isa = PBXSourcesBuildPhase;
			buildActionMask = 2147483647;
			files = (
				7078652E2C4CD7CB0039F8F0 /* TodoEditView.swift in Sources */,
				708DBAB02C496933006C077E /* TodoListView.swift in Sources */,
				7078652C2C4CD7B80039F8F0 /* TodoEditViewModel.swift in Sources */,
				708DBAAA2C496386006C077E /* SwiftDataTodoRepository.swift in Sources */,
				708DBAA42C4962C3006C077E /* SwiftDataTodo.swift in Sources */,
				708DBAAE2C49683C006C077E /* TodoListViewModel.swift in Sources */,
				708DBA6F2C4805B2006C077E /* SimpleTodoApp.swift in Sources */,
				708DBAA12C496224006C077E /* Todo.swift in Sources */,
				708DBAA62C496329006C077E /* TodoRepository.swift in Sources */,
				708DBAAC2C4966A0006C077E /* PersistenceController.swift in Sources */,
			);
			runOnlyForDeploymentPostprocessing = 0;
		};
		708DBA792C4805B4006C077E /* Sources */ = {
			isa = PBXSourcesBuildPhase;
			buildActionMask = 2147483647;
			files = (
				708DBA822C4805B4006C077E /* SimpleTodoTests.swift in Sources */,
			);
			runOnlyForDeploymentPostprocessing = 0;
		};
		708DBA832C4805B4006C077E /* Sources */ = {
			isa = PBXSourcesBuildPhase;
			buildActionMask = 2147483647;
			files = (
				708DBA8E2C4805B4006C077E /* SimpleTodoUITestsLaunchTests.swift in Sources */,
				708DBA8C2C4805B4006C077E /* SimpleTodoUITests.swift in Sources */,
			);
			runOnlyForDeploymentPostprocessing = 0;
		};
/* End PBXSourcesBuildPhase section */

/* Begin PBXTargetDependency section */
		708DBA7F2C4805B4006C077E /* PBXTargetDependency */ = {
			isa = PBXTargetDependency;
			target = 708DBA6A2C4805B2006C077E /* SimpleTodo */;
			targetProxy = 708DBA7E2C4805B4006C077E /* PBXContainerItemProxy */;
		};
		708DBA892C4805B4006C077E /* PBXTargetDependency */ = {
			isa = PBXTargetDependency;
			target = 708DBA6A2C4805B2006C077E /* SimpleTodo */;
			targetProxy = 708DBA882C4805B4006C077E /* PBXContainerItemProxy */;
		};
/* End PBXTargetDependency section */

/* Begin XCBuildConfiguration section */
		708DBA8F2C4805B4006C077E /* Debug */ = {
			isa = XCBuildConfiguration;
			buildSettings = {
				ALWAYS_SEARCH_USER_PATHS = NO;
				ASSETCATALOG_COMPILER_GENERATE_SWIFT_ASSET_SYMBOL_EXTENSIONS = YES;
				CLANG_ANALYZER_NONNULL = YES;
				CLANG_ANALYZER_NUMBER_OBJECT_CONVERSION = YES_AGGRESSIVE;
				CLANG_CXX_LANGUAGE_STANDARD = "gnu++20";
				CLANG_ENABLE_MODULES = YES;
				CLANG_ENABLE_OBJC_ARC = YES;
				CLANG_ENABLE_OBJC_WEAK = YES;
				CLANG_WARN_BLOCK_CAPTURE_AUTORELEASING = YES;
				CLANG_WARN_BOOL_CONVERSION = YES;
				CLANG_WARN_COMMA = YES;
				CLANG_WARN_CONSTANT_CONVERSION = YES;
				CLANG_WARN_DEPRECATED_OBJC_IMPLEMENTATIONS = YES;
				CLANG_WARN_DIRECT_OBJC_ISA_USAGE = YES_ERROR;
				CLANG_WARN_DOCUMENTATION_COMMENTS = YES;
				CLANG_WARN_EMPTY_BODY = YES;
				CLANG_WARN_ENUM_CONVERSION = YES;
				CLANG_WARN_INFINITE_RECURSION = YES;
				CLANG_WARN_INT_CONVERSION = YES;
				CLANG_WARN_NON_LITERAL_NULL_CONVERSION = YES;
				CLANG_WARN_OBJC_IMPLICIT_RETAIN_SELF = YES;
				CLANG_WARN_OBJC_LITERAL_CONVERSION = YES;
				CLANG_WARN_OBJC_ROOT_CLASS = YES_ERROR;
				CLANG_WARN_QUOTED_INCLUDE_IN_FRAMEWORK_HEADER = YES;
				CLANG_WARN_RANGE_LOOP_ANALYSIS = YES;
				CLANG_WARN_STRICT_PROTOTYPES = YES;
				CLANG_WARN_SUSPICIOUS_MOVE = YES;
				CLANG_WARN_UNGUARDED_AVAILABILITY = YES_AGGRESSIVE;
				CLANG_WARN_UNREACHABLE_CODE = YES;
				CLANG_WARN__DUPLICATE_METHOD_MATCH = YES;
				COPY_PHASE_STRIP = NO;
				DEBUG_INFORMATION_FORMAT = dwarf;
				ENABLE_STRICT_OBJC_MSGSEND = YES;
				ENABLE_TESTABILITY = YES;
				ENABLE_USER_SCRIPT_SANDBOXING = YES;
				GCC_C_LANGUAGE_STANDARD = gnu17;
				GCC_DYNAMIC_NO_PIC = NO;
				GCC_NO_COMMON_BLOCKS = YES;
				GCC_OPTIMIZATION_LEVEL = 0;
				GCC_PREPROCESSOR_DEFINITIONS = (
					"DEBUG=1",
					"$(inherited)",
				);
				GCC_WARN_64_TO_32_BIT_CONVERSION = YES;
				GCC_WARN_ABOUT_RETURN_TYPE = YES_ERROR;
				GCC_WARN_UNDECLARED_SELECTOR = YES;
				GCC_WARN_UNINITIALIZED_AUTOS = YES_AGGRESSIVE;
				GCC_WARN_UNUSED_FUNCTION = YES;
				GCC_WARN_UNUSED_VARIABLE = YES;
				IPHONEOS_DEPLOYMENT_TARGET = 17.5;
				LOCALIZATION_PREFERS_STRING_CATALOGS = YES;
				MTL_ENABLE_DEBUG_INFO = INCLUDE_SOURCE;
				MTL_FAST_MATH = YES;
				ONLY_ACTIVE_ARCH = YES;
				SDKROOT = iphoneos;
				SWIFT_ACTIVE_COMPILATION_CONDITIONS = "DEBUG $(inherited)";
				SWIFT_OPTIMIZATION_LEVEL = "-Onone";
			};
			name = Debug;
		};
		708DBA902C4805B4006C077E /* Release */ = {
			isa = XCBuildConfiguration;
			buildSettings = {
				ALWAYS_SEARCH_USER_PATHS = NO;
				ASSETCATALOG_COMPILER_GENERATE_SWIFT_ASSET_SYMBOL_EXTENSIONS = YES;
				CLANG_ANALYZER_NONNULL = YES;
				CLANG_ANALYZER_NUMBER_OBJECT_CONVERSION = YES_AGGRESSIVE;
				CLANG_CXX_LANGUAGE_STANDARD = "gnu++20";
				CLANG_ENABLE_MODULES = YES;
				CLANG_ENABLE_OBJC_ARC = YES;
				CLANG_ENABLE_OBJC_WEAK = YES;
				CLANG_WARN_BLOCK_CAPTURE_AUTORELEASING = YES;
				CLANG_WARN_BOOL_CONVERSION = YES;
				CLANG_WARN_COMMA = YES;
				CLANG_WARN_CONSTANT_CONVERSION = YES;
				CLANG_WARN_DEPRECATED_OBJC_IMPLEMENTATIONS = YES;
				CLANG_WARN_DIRECT_OBJC_ISA_USAGE = YES_ERROR;
				CLANG_WARN_DOCUMENTATION_COMMENTS = YES;
				CLANG_WARN_EMPTY_BODY = YES;
				CLANG_WARN_ENUM_CONVERSION = YES;
				CLANG_WARN_INFINITE_RECURSION = YES;
				CLANG_WARN_INT_CONVERSION = YES;
				CLANG_WARN_NON_LITERAL_NULL_CONVERSION = YES;
				CLANG_WARN_OBJC_IMPLICIT_RETAIN_SELF = YES;
				CLANG_WARN_OBJC_LITERAL_CONVERSION = YES;
				CLANG_WARN_OBJC_ROOT_CLASS = YES_ERROR;
				CLANG_WARN_QUOTED_INCLUDE_IN_FRAMEWORK_HEADER = YES;
				CLANG_WARN_RANGE_LOOP_ANALYSIS = YES;
				CLANG_WARN_STRICT_PROTOTYPES = YES;
				CLANG_WARN_SUSPICIOUS_MOVE = YES;
				CLANG_WARN_UNGUARDED_AVAILABILITY = YES_AGGRESSIVE;
				CLANG_WARN_UNREACHABLE_CODE = YES;
				CLANG_WARN__DUPLICATE_METHOD_MATCH = YES;
				COPY_PHASE_STRIP = NO;
				DEBUG_INFORMATION_FORMAT = "dwarf-with-dsym";
				ENABLE_NS_ASSERTIONS = NO;
				ENABLE_STRICT_OBJC_MSGSEND = YES;
				ENABLE_USER_SCRIPT_SANDBOXING = YES;
				GCC_C_LANGUAGE_STANDARD = gnu17;
				GCC_NO_COMMON_BLOCKS = YES;
				GCC_WARN_64_TO_32_BIT_CONVERSION = YES;
				GCC_WARN_ABOUT_RETURN_TYPE = YES_ERROR;
				GCC_WARN_UNDECLARED_SELECTOR = YES;
				GCC_WARN_UNINITIALIZED_AUTOS = YES_AGGRESSIVE;
				GCC_WARN_UNUSED_FUNCTION = YES;
				GCC_WARN_UNUSED_VARIABLE = YES;
				IPHONEOS_DEPLOYMENT_TARGET = 17.5;
				LOCALIZATION_PREFERS_STRING_CATALOGS = YES;
				MTL_ENABLE_DEBUG_INFO = NO;
				MTL_FAST_MATH = YES;
				SDKROOT = iphoneos;
				SWIFT_COMPILATION_MODE = wholemodule;
				VALIDATE_PRODUCT = YES;
			};
			name = Release;
		};
		708DBA922C4805B4006C077E /* Debug */ = {
			isa = XCBuildConfiguration;
			buildSettings = {
				ASSETCATALOG_COMPILER_APPICON_NAME = AppIcon;
				ASSETCATALOG_COMPILER_GLOBAL_ACCENT_COLOR_NAME = AccentColor;
				CODE_SIGN_STYLE = Automatic;
				CURRENT_PROJECT_VERSION = 1;
				DEVELOPMENT_ASSET_PATHS = "\"SimpleTodo/Preview Content\"";
				DEVELOPMENT_TEAM = HX59R87PVL;
				ENABLE_PREVIEWS = YES;
				GENERATE_INFOPLIST_FILE = YES;
				INFOPLIST_KEY_UIApplicationSceneManifest_Generation = YES;
				INFOPLIST_KEY_UIApplicationSupportsIndirectInputEvents = YES;
				INFOPLIST_KEY_UILaunchScreen_Generation = YES;
				INFOPLIST_KEY_UISupportedInterfaceOrientations_iPad = "UIInterfaceOrientationPortrait UIInterfaceOrientationPortraitUpsideDown UIInterfaceOrientationLandscapeLeft UIInterfaceOrientationLandscapeRight";
				INFOPLIST_KEY_UISupportedInterfaceOrientations_iPhone = "UIInterfaceOrientationPortrait UIInterfaceOrientationLandscapeLeft UIInterfaceOrientationLandscapeRight";
				LD_RUNPATH_SEARCH_PATHS = (
					"$(inherited)",
					"@executable_path/Frameworks",
				);
				MARKETING_VERSION = 1.0;
				PRODUCT_BUNDLE_IDENTIFIER = net.yururiwork.SimpleTodo;
				PRODUCT_NAME = "$(TARGET_NAME)";
				SWIFT_EMIT_LOC_STRINGS = YES;
				SWIFT_VERSION = 5.0;
				TARGETED_DEVICE_FAMILY = "1,2";
			};
			name = Debug;
		};
		708DBA932C4805B4006C077E /* Release */ = {
			isa = XCBuildConfiguration;
			buildSettings = {
				ASSETCATALOG_COMPILER_APPICON_NAME = AppIcon;
				ASSETCATALOG_COMPILER_GLOBAL_ACCENT_COLOR_NAME = AccentColor;
				CODE_SIGN_STYLE = Automatic;
				CURRENT_PROJECT_VERSION = 1;
				DEVELOPMENT_ASSET_PATHS = "\"SimpleTodo/Preview Content\"";
				DEVELOPMENT_TEAM = HX59R87PVL;
				ENABLE_PREVIEWS = YES;
				GENERATE_INFOPLIST_FILE = YES;
				INFOPLIST_KEY_UIApplicationSceneManifest_Generation = YES;
				INFOPLIST_KEY_UIApplicationSupportsIndirectInputEvents = YES;
				INFOPLIST_KEY_UILaunchScreen_Generation = YES;
				INFOPLIST_KEY_UISupportedInterfaceOrientations_iPad = "UIInterfaceOrientationPortrait UIInterfaceOrientationPortraitUpsideDown UIInterfaceOrientationLandscapeLeft UIInterfaceOrientationLandscapeRight";
				INFOPLIST_KEY_UISupportedInterfaceOrientations_iPhone = "UIInterfaceOrientationPortrait UIInterfaceOrientationLandscapeLeft UIInterfaceOrientationLandscapeRight";
				LD_RUNPATH_SEARCH_PATHS = (
					"$(inherited)",
					"@executable_path/Frameworks",
				);
				MARKETING_VERSION = 1.0;
				PRODUCT_BUNDLE_IDENTIFIER = net.yururiwork.SimpleTodo;
				PRODUCT_NAME = "$(TARGET_NAME)";
				SWIFT_EMIT_LOC_STRINGS = YES;
				SWIFT_VERSION = 5.0;
				TARGETED_DEVICE_FAMILY = "1,2";
			};
			name = Release;
		};
		708DBA952C4805B4006C077E /* Debug */ = {
			isa = XCBuildConfiguration;
			buildSettings = {
				ALWAYS_EMBED_SWIFT_STANDARD_LIBRARIES = YES;
				BUNDLE_LOADER = "$(TEST_HOST)";
				CODE_SIGN_STYLE = Automatic;
				CURRENT_PROJECT_VERSION = 1;
				DEVELOPMENT_TEAM = HX59R87PVL;
				GENERATE_INFOPLIST_FILE = YES;
				IPHONEOS_DEPLOYMENT_TARGET = 17.5;
				MARKETING_VERSION = 1.0;
				PRODUCT_BUNDLE_IDENTIFIER = net.yururiwork.SimpleTodoTests;
				PRODUCT_NAME = "$(TARGET_NAME)";
				SWIFT_EMIT_LOC_STRINGS = NO;
				SWIFT_VERSION = 5.0;
				TARGETED_DEVICE_FAMILY = "1,2";
				TEST_HOST = "$(BUILT_PRODUCTS_DIR)/SimpleTodo.app/$(BUNDLE_EXECUTABLE_FOLDER_PATH)/SimpleTodo";
			};
			name = Debug;
		};
		708DBA962C4805B4006C077E /* Release */ = {
			isa = XCBuildConfiguration;
			buildSettings = {
				ALWAYS_EMBED_SWIFT_STANDARD_LIBRARIES = YES;
				BUNDLE_LOADER = "$(TEST_HOST)";
				CODE_SIGN_STYLE = Automatic;
				CURRENT_PROJECT_VERSION = 1;
				DEVELOPMENT_TEAM = HX59R87PVL;
				GENERATE_INFOPLIST_FILE = YES;
				IPHONEOS_DEPLOYMENT_TARGET = 17.5;
				MARKETING_VERSION = 1.0;
				PRODUCT_BUNDLE_IDENTIFIER = net.yururiwork.SimpleTodoTests;
				PRODUCT_NAME = "$(TARGET_NAME)";
				SWIFT_EMIT_LOC_STRINGS = NO;
				SWIFT_VERSION = 5.0;
				TARGETED_DEVICE_FAMILY = "1,2";
				TEST_HOST = "$(BUILT_PRODUCTS_DIR)/SimpleTodo.app/$(BUNDLE_EXECUTABLE_FOLDER_PATH)/SimpleTodo";
			};
			name = Release;
		};
		708DBA982C4805B4006C077E /* Debug */ = {
			isa = XCBuildConfiguration;
			buildSettings = {
				ALWAYS_EMBED_SWIFT_STANDARD_LIBRARIES = YES;
				CODE_SIGN_STYLE = Automatic;
				CURRENT_PROJECT_VERSION = 1;
				DEVELOPMENT_TEAM = HX59R87PVL;
				GENERATE_INFOPLIST_FILE = YES;
				MARKETING_VERSION = 1.0;
				PRODUCT_BUNDLE_IDENTIFIER = net.yururiwork.SimpleTodoUITests;
				PRODUCT_NAME = "$(TARGET_NAME)";
				SWIFT_EMIT_LOC_STRINGS = NO;
				SWIFT_VERSION = 5.0;
				TARGETED_DEVICE_FAMILY = "1,2";
				TEST_TARGET_NAME = SimpleTodo;
			};
			name = Debug;
		};
		708DBA992C4805B4006C077E /* Release */ = {
			isa = XCBuildConfiguration;
			buildSettings = {
				ALWAYS_EMBED_SWIFT_STANDARD_LIBRARIES = YES;
				CODE_SIGN_STYLE = Automatic;
				CURRENT_PROJECT_VERSION = 1;
				DEVELOPMENT_TEAM = HX59R87PVL;
				GENERATE_INFOPLIST_FILE = YES;
				MARKETING_VERSION = 1.0;
				PRODUCT_BUNDLE_IDENTIFIER = net.yururiwork.SimpleTodoUITests;
				PRODUCT_NAME = "$(TARGET_NAME)";
				SWIFT_EMIT_LOC_STRINGS = NO;
				SWIFT_VERSION = 5.0;
				TARGETED_DEVICE_FAMILY = "1,2";
				TEST_TARGET_NAME = SimpleTodo;
			};
			name = Release;
		};
/* End XCBuildConfiguration section */

/* Begin XCConfigurationList section */
		708DBA662C4805B2006C077E /* Build configuration list for PBXProject "SimpleTodo" */ = {
			isa = XCConfigurationList;
			buildConfigurations = (
				708DBA8F2C4805B4006C077E /* Debug */,
				708DBA902C4805B4006C077E /* Release */,
			);
			defaultConfigurationIsVisible = 0;
			defaultConfigurationName = Release;
		};
		708DBA912C4805B4006C077E /* Build configuration list for PBXNativeTarget "SimpleTodo" */ = {
			isa = XCConfigurationList;
			buildConfigurations = (
				708DBA922C4805B4006C077E /* Debug */,
				708DBA932C4805B4006C077E /* Release */,
			);
			defaultConfigurationIsVisible = 0;
			defaultConfigurationName = Release;
		};
		708DBA942C4805B4006C077E /* Build configuration list for PBXNativeTarget "SimpleTodoTests" */ = {
			isa = XCConfigurationList;
			buildConfigurations = (
				708DBA952C4805B4006C077E /* Debug */,
				708DBA962C4805B4006C077E /* Release */,
			);
			defaultConfigurationIsVisible = 0;
			defaultConfigurationName = Release;
		};
		708DBA972C4805B4006C077E /* Build configuration list for PBXNativeTarget "SimpleTodoUITests" */ = {
			isa = XCConfigurationList;
			buildConfigurations = (
				708DBA982C4805B4006C077E /* Debug */,
				708DBA992C4805B4006C077E /* Release */,
			);
			defaultConfigurationIsVisible = 0;
			defaultConfigurationName = Release;
		};
/* End XCConfigurationList section */
	};
	rootObject = 708DBA632C4805B2006C077E /* Project object */;
}
